
Microsoft Visual Studio Solution File, Format Version 12.00
# Visual Studio Version 17
VisualStudioVersion = 17.4.33403.182
MinimumVisualStudioVersion = 10.0.40219.1
Project("{888888A0-9F3D-457C-B088-3A5042F75D52}") = "BasicProject", "BasicProject\BasicProject.pyproj", "{7D978FDF-3B7D-446F-82C5-3A86BD7500A6}"
EndProject
Global
	GlobalSection(SolutionConfigurationPlatforms) = preSolution
		Debug|Any CPU = Debug|Any CPU
		Release|Any CPU = Release|Any CPU
	EndGlobalSection
	GlobalSection(ProjectConfigurationPlatforms) = postSolution
		{7D978FDF-3B7D-446F-82C5-3A86BD7500A6}.Debug|Any CPU.ActiveCfg = Debug|Any CPU
		{7D978FDF-3B7D-446F-82C5-3A86BD7500A6}.Debug|Any CPU.Build.0 = Debug|Any CPU
		{7D978FDF-3B7D-446F-82C5-3A86BD7500A6}.Release|Any CPU.ActiveCfg = Release|Any CPU
		{7D978FDF-3B7D-446F-82C5-3A86BD7500A6}.Release|Any CPU.Build.0 = Release|Any CPU
	EndGlobalSection
	GlobalSection(SolutionProperties) = preSolution
		HideSolutionNode = FALSE
	EndGlobalSection
	GlobalSection(ExtensibilityGlobals) = postSolution
		SolutionGuid = {1FDFD174-DA61-4E53-B96D-561F91B1817E}
	EndGlobalSection
EndGlobal
